[[package]]
name = "black"
version = "22.6.0"
description = "The uncompromising code formatter."
category = "main"
optional = false
python-versions = ">=3.6.2"

[package.dependencies]
click = ">=8.0.0"
mypy-extensions = ">=0.4.3"
pathspec = ">=0.9.0"
platformdirs = ">=2"
tomli = { version = ">=1.1.0", markers = "python_full_version < \"3.11.0a7\"" }

[package.extras]
colorama = ["colorama (>=0.4.3)"]
d = ["aiohttp (>=3.7.4)"]
jupyter = ["ipython (>=7.8.0)", "tokenize-rt (>=3.2.0)"]
uvloop = ["uvloop (>=0.15.2)"]

[package.dependencies]
colorama = { version = "*", markers = "platform_system == \"Windows\"" }

[[package]]
name = "colorama"
version = "0.4.5"
description = "Cross-platform colored terminal text."
category = "main"
optional = false
python-versions = ">=2.7, !=3.0.*, !=3.1.*, !=3.2.*, !=3.3.*, !=3.4.*"

[[package]]
name = "mypy-extensions"
version = "0.4.3"
description = "Experimental type system extensions for programs checked with the mypy typechecker."
category = "main"
optional = false
python-versions = "*"

[[package]]
name = "pathspec"
version = "0.9.0"
description = "Utility library for gitignore style pattern matching of file paths."
category = "main"
optional = false
python-versions = "!=3.0.*,!=3.1.*,!=3.2.*,!=3.3.*,!=3.4.*,>=2.7"

[[package]]
name = "platformdirs"
version = "2.5.2"
description = "A small Python module for determining appropriate platform-specific dirs, e.g. a \"user data dir\"."
category = "main"
optional = false
python-versions = ">=3.7"

[package.extras]
docs = ["furo (>=2021.7.5b38)", "proselint (>=0.10.2)", "sphinx-autodoc-typehints (>=1.12)", "sphinx (>=4)"]
test = ["appdirs (==1.4.4)", "pytest-cov (>=2.7)", "pytest-mock (>=3.6)", "pytest (>=6)"]

[[package]]
name = "rtoml"
version = "0.8.0"
description = "A better TOML library for python implemented in rust."
category = "main"
optional = false
python-versions = ">=3.7"

[[package]]
name = "tomli"
version = "2.0.1"
description = "A lil' TOML parser"
category = "main"
optional = false
python-versions = ">=3.7"

[metadata]
lock-version = "1.1"
python-versions = "^3.10"
content-hash = "1b911ee37e61144397b7c844d5b41c75c3eb03edc86d44ea5adc13585f043d7b"

[metadata.files]
black = [
    { file = "black-22.6.0-cp310-cp310-macosx_10_9_universal2.whl", hash = "sha256:f586c26118bc6e714ec58c09df0157fe2d9ee195c764f630eb0d8e7ccce72e69" },
    { file = "black-22.6.0-cp310-cp310-macosx_10_9_x86_64.whl", hash = "sha256:b270a168d69edb8b7ed32c193ef10fd27844e5c60852039599f9184460ce0807" },
    { file = "black-22.6.0-cp310-cp310-macosx_11_0_arm64.whl", hash = "sha256:6797f58943fceb1c461fb572edbe828d811e719c24e03375fd25170ada53825e" },
    { file = "black-22.6.0-cp310-cp310-manylinux_2_17_x86_64.manylinux2014_x86_64.whl", hash = "sha256:c85928b9d5f83b23cee7d0efcb310172412fbf7cb9d9ce963bd67fd141781def" },
    { file = "black-22.6.0-cp310-cp310-win_amd64.whl", hash = "sha256:f6fe02afde060bbeef044af7996f335fbe90b039ccf3f5eb8f16df8b20f77666" },
    { file = "black-22.6.0-cp36-cp36m-macosx_10_9_x86_64.whl", hash = "sha256:cfaf3895a9634e882bf9d2363fed5af8888802d670f58b279b0bece00e9a872d" },
    { file = "black-22.6.0-cp36-cp36m-manylinux_2_17_x86_64.manylinux2014_x86_64.whl", hash = "sha256:94783f636bca89f11eb5d50437e8e17fbc6a929a628d82304c80fa9cd945f256" },
    { file = "black-22.6.0-cp36-cp36m-win_amd64.whl", hash = "sha256:2ea29072e954a4d55a2ff58971b83365eba5d3d357352a07a7a4df0d95f51c78" },
    { file = "black-22.6.0-cp37-cp37m-macosx_10_9_x86_64.whl", hash = "sha256:e439798f819d49ba1c0bd9664427a05aab79bfba777a6db94fd4e56fae0cb849" },
    { file = "black-22.6.0-cp37-cp37m-manylinux_2_17_x86_64.manylinux2014_x86_64.whl", hash = "sha256:187d96c5e713f441a5829e77120c269b6514418f4513a390b0499b0987f2ff1c" },
    { file = "black-22.6.0-cp37-cp37m-win_amd64.whl", hash = "sha256:074458dc2f6e0d3dab7928d4417bb6957bb834434516f21514138437accdbe90" },
    { file = "black-22.6.0-cp38-cp38-macosx_10_9_universal2.whl", hash = "sha256:a218d7e5856f91d20f04e931b6f16d15356db1c846ee55f01bac297a705ca24f" },
    { file = "black-22.6.0-cp38-cp38-macosx_10_9_x86_64.whl", hash = "sha256:568ac3c465b1c8b34b61cd7a4e349e93f91abf0f9371eda1cf87194663ab684e" },
    { file = "black-22.6.0-cp38-cp38-macosx_11_0_arm64.whl", hash = "sha256:6c1734ab264b8f7929cef8ae5f900b85d579e6cbfde09d7387da8f04771b51c6" },
    { file = "black-22.6.0-cp38-cp38-manylinux_2_17_x86_64.manylinux2014_x86_64.whl", hash = "sha256:c9a3ac16efe9ec7d7381ddebcc022119794872abce99475345c5a61aa18c45ad" },
    { file = "black-22.6.0-cp38-cp38-win_amd64.whl", hash = "sha256:b9fd45787ba8aa3f5e0a0a98920c1012c884622c6c920dbe98dbd05bc7c70fbf" },
    { file = "black-22.6.0-cp39-cp39-macosx_10_9_universal2.whl", hash = "sha256:7ba9be198ecca5031cd78745780d65a3f75a34b2ff9be5837045dce55db83d1c" },
    { file = "black-22.6.0-cp39-cp39-macosx_10_9_x86_64.whl", hash = "sha256:a3db5b6409b96d9bd543323b23ef32a1a2b06416d525d27e0f67e74f1446c8f2" },
    { file = "black-22.6.0-cp39-cp39-macosx_11_0_arm64.whl", hash = "sha256:560558527e52ce8afba936fcce93a7411ab40c7d5fe8c2463e279e843c0328ee" },
    { file = "black-22.6.0-cp39-cp39-manylinux_2_17_x86_64.manylinux2014_x86_64.whl", hash = "sha256:b154e6bbde1e79ea3260c4b40c0b7b3109ffcdf7bc4ebf8859169a6af72cd70b" },
    { file = "black-22.6.0-cp39-cp39-win_amd64.whl", hash = "sha256:4af5bc0e1f96be5ae9bd7aaec219c901a94d6caa2484c21983d043371c733fc4" },
    { file = "black-22.6.0-py3-none-any.whl", hash = "sha256:ac609cf8ef5e7115ddd07d85d988d074ed00e10fbc3445aee393e70164a2219c" },
    { file = "black-22.6.0.tar.gz", hash = "sha256:6c6d39e28aed379aec40da1c65434c77d75e65bb59a1e1c283de545fb4e7c6c9" },
]
click = [
    { file = "click-8.1.3-py3-none-any.whl", hash = "sha256:bb4d8133cb15a609f44e8213d9b391b0809795062913b383c62be0ee95b1db48" },
    { file = "click-8.1.3.tar.gz", hash = "sha256:7682dc8afb30297001674575ea00d1814d808d6a36af415a82bd481d37ba7b8e" },
]
colorama = [
    { file = "colorama-0.4.5-py2.py3-none-any.whl", hash = "sha256:854bf444933e37f5824ae7bfc1e98d5bce2ebe4160d46b5edf346a89358e99da" },
    { file = "colorama-0.4.5.tar.gz", hash = "sha256:e6c6b4334fc50988a639d9b98aa429a0b57da6e17b9a44f0451f930b6967b7a4" },
]
mypy-extensions = [
    { file = "mypy_extensions-0.4.3-py2.py3-none-any.whl", hash = "sha256:090fedd75945a69ae91ce1303b5824f428daf5a028d2f6ab8a299250a846f15d" },
    { file = "mypy_extensions-0.4.3.tar.gz", hash = "sha256:2d82818f5bb3e369420cb3c4060a7970edba416647068eb4c5343488a6c604a8" },
]
pathspec = [
    { file = "pathspec-0.9.0-py2.py3-none-any.whl", hash = "sha256:7d15c4ddb0b5c802d161efc417ec1a2558ea2653c2e8ad9c19098201dc1c993a" },
    { file = "pathspec-0.9.0.tar.gz", hash = "sha256:e564499435a2673d586f6b2130bb5b95f04a3ba06f81b8f895b651a3c76aabb1" },
]
platformdirs = [
    { file = "platformdirs-2.5.2-py3-none-any.whl", hash = "sha256:027d8e83a2d7de06bbac4e5ef7e023c02b863d7ea5d079477e722bb41ab25788" },
    { file = "platformdirs-2.5.2.tar.gz", hash = "sha256:58c8abb07dcb441e6ee4b11d8df0ac856038f944ab98b7be6b27b2a3c7feef19" },
]
rtoml = [
    { file = "rtoml-0.8.0-cp310-cp310-macosx_10_9_x86_64.whl", hash = "sha256:e924ae37aeafd60d09b888ea30ae18bceac5086689216ab3ae16dd93692202a9" },
    { file = "rtoml-0.8.0-cp310-cp310-macosx_11_0_arm64.whl", hash = "sha256:715bf814144f47306752b0ddf0965a1cf2e36410c3edc05fafe1363ba57fa2b6" },
    { file = "rtoml-0.8.0-cp310-cp310-manylinux_2_17_aarch64.manylinux2014_aarch64.whl", hash = "sha256:b11aefaaeab294bb98b3afa3a47d3f898378904e6a2b62fa1eca48caf1cfe878" },
    { file = "rtoml-0.8.0-cp310-cp310-manylinux_2_17_x86_64.manylinux2014_x86_64.whl", hash = "sha256:87da140716797198c9d011896c2b092ea5662d48d94059e705504b37131255a8" },
    { file = "rtoml-0.8.0-cp310-cp310-manylinux_2_5_i686.manylinux1_i686.manylinux_2_17_i686.manylinux2014_i686.whl", hash = "sha256:b77916b8d0cea069b0b7b59eb40a7948fa2289eb7938546749b801290785632a" },
    { file = "rtoml-0.8.0-cp310-cp310-musllinux_1_1_aarch64.whl", hash = "sha256:c7fca6d6cd6182cf758c3b4b8554f6d548f9d921ba1cb91adb4aca779010cdfa" },
    { file = "rtoml-0.8.0-cp310-cp310-musllinux_1_1_x86_64.whl", hash = "sha256:f9cbd99d158e440951f851613ce3b6f29c201676124900876937ebf65307c3a1" },
    { file = "rtoml-0.8.0-cp310-cp310-win32.whl", hash = "sha256:9708df41c348fa570cfaa9d62bfb46d14a1e7f3fe08203dab55fa22c1cd81a9f" },
    { file = "rtoml-0.8.0-cp310-cp310-win_amd64.whl", hash = "sha256:9d93a2e9197ecda83765ed14661a933abf616de37442a8705ef6f1a897fa3299" },
    { file = "rtoml-0.8.0-cp37-cp37m-macosx_10_9_x86_64.whl", hash = "sha256:1f494155b5321718d3e9afecf94c0ca02bba03fbae7ec1922ab14543694c1603" },
    { file = "rtoml-0.8.0-cp37-cp37m-manylinux_2_17_aarch64.manylinux2014_aarch64.whl", hash = "sha256:bc6d82e5a28fffd3910a54d511ba7adc66f668b0c25d0ee75685aeb24ce4a730" },
    { file = "rtoml-0.8.0-cp37-cp37m-manylinux_2_17_x86_64.manylinux2014_x86_64.whl", hash = "sha256:0d0f46641b4ac2e6934801d29c6c4c6f2bda017b34482aeb8f8170b977a60b17" },
    { file = "rtoml-0.8.0-cp37-cp37m-manylinux_2_5_i686.manylinux1_i686.manylinux_2_17_i686.manylinux2014_i686.whl", hash = "sha256:fb2a996587e39359ec1b638fa74d1247b7adebe4f804d03d1c681c064b0ae24c" },
    { file = "rtoml-0.8.0-cp37-cp37m-musllinux_1_1_aarch64.whl", hash = "sha256:a7846ed05136de9ec60f5ee5bb6a53c640f7e0504bd9ec3586016cb6cf36ea2b" },
    { file = "rtoml-0.8.0-cp37-cp37m-musllinux_1_1_x86_64.whl", hash = "sha256:2883cd30caac29c8f00dd8c7f20ee7cade778aba1413bea3c8e0fa6013581c9c" },
    { file = "rtoml-0.8.0-cp37-cp37m-win32.whl", hash = "sha256:4ce8bb6ea93ce1ce2de7a48bed47a290fcf6adf8d427768397512f4d9a107461" },
    { file = "rtoml-0.8.0-cp37-cp37m-win_amd64.whl", hash = "sha256:0eea2ed0d724df91b230c89653a021fc0e22b1353d9a567d166093104cbe8e0c" },
    { file = "rtoml-0.8.0-cp38-cp38-macosx_10_9_x86_64.whl", hash = "sha256:71a6ed08313755891a8341007892f4738e624a25f757136deea7a1c75862254e" },
    { file = "rtoml-0.8.0-cp38-cp38-macosx_11_0_arm64.whl", hash = "sha256:77173831317fc493752ddcc3c4ce20d6c322bbffbe4bcb3131a78fc6ca63a8a9" },
    { file = "rtoml-0.8.0-cp38-cp38-manylinux_2_17_aarch64.manylinux2014_aarch64.whl", hash = "sha256:ffbfa5ae5b88991f88a8a8f06aeb572f7d5ec4811ee101ba90493754be3df677" },
    { file = "rtoml-0.8.0-cp38-cp38-manylinux_2_17_x86_64.manylinux2014_x86_64.whl", hash = "sha256:5502507da47e142013e316133eaa0c0312c351aed9c02e51104dd9fc725b0925" },
    { file = "rtoml-0.8.0-cp38-cp38-manylinux_2_5_i686.manylinux1_i686.manylinux_2_17_i686.manylinux2014_i686.whl", hash = "sha256:97fc53d7bb277ef379c919a5972e5faa403c7d41951c0e6fd57e00ad470ea992" },
    { file = "rtoml-0.8.0-cp38-cp38-musllinux_1_1_aarch64.whl", hash = "sha256:617b57d9254c83d09646b8f6062a7da066c23b1999a63788f894a16707b710a7" },
    { file = "rtoml-0.8.0-cp38-cp38-musllinux_1_1_x86_64.whl", hash = "sha256:3773957d1a67d5620d64f73e855fd81de01fac5aff14d643cb5821854633c6d4" },
    { file = "rtoml-0.8.0-cp38-cp38-win32.whl", hash = "sha256:a2a743456652d881f4baf61e593f1b131500f03d7d9aa55c41812d8737624aa0" },
    { file = "rtoml-0.8.0-cp38-cp38-win_amd64.whl", hash = "sha256:1cc362b02d586721ec3b24cf1f6e9da0223fc2009dfa5b49b929e7d2c6fbaaf7" },
    { file = "rtoml-0.8.0-cp39-cp39-macosx_10_9_x86_64.whl", hash = "sha256:10d0f771558b8f8c0940e517f089cbea5f1ddfa8d684c176ac6c3a1797b50f19" },
    { file = "rtoml-0.8.0-cp39-cp39-macosx_11_0_arm64.whl", hash = "sha256:a42c8faf9d7ea40a86ac8cb73d0e485467d4702fcc3b763276a046d9b6cd738e" },
    { file = "rtoml-0.8.0-cp39-cp39-manylinux_2_17_aarch64.manylinux2014_aarch64.whl", hash = "sha256:f84b83a852ac8f8efca56490cd21eb53c55a116dd2485658f0ced2ee99e0b09f" },
    { file = "rtoml-0.8.0-cp39-cp39-manylinux_2_17_x86_64.manylinux2014_x86_64.whl", hash = "sha256:9de660acc172db507321498275c8c8f052c6d3261331eb5aa964447bfecc90d1" },
    { file = "rtoml-0.8.0-cp39-cp39-manylinux_2_5_i686.manylinux1_i686.manylinux_2_17_i686.manylinux2014_i686.whl", hash = "sha256:ccc9fdd7064b1c8a990548956e27a3217c7a692e8bae222af8cdb3d0750dddf6" },
    { file = "rtoml-0.8.0-cp39-cp39-musllinux_1_1_aarch64.whl", hash = "sha256:0ce59d9e077030a2bfc915ebb872d15532e61e57d967075ab978b76b933b9634" },
    { file = "rtoml-0.8.0-cp39-cp39-musllinux_1_1_x86_64.whl", hash = "sha256:88a2187059be67a94e59519a91785f43db3159f2963ea8e15c31808a95b58c9f" },
    { file = "rtoml-0.8.0-cp39-cp39-win32.whl", hash = "sha256:fb106a90e1dc55e9fe2774b41d57074f02a716aac864a58fedca2cf399114f29" },
    { file = "rtoml-0.8.0-cp39-cp39-win_amd64.whl", hash = "sha256:333e5e1fc257b1302f589b662fd2405ec4b3b68a032e125011bcf86ea52b19eb" },
    { file = "rtoml-0.8.0.tar.gz", hash = "sha256:6d55fa9df88256c6762f01f18b8bd3f6dc1836600ea8655eb3719a2b8f3df764" },
]
tomli = [
    { file = "tomli-2.0.1-py3-none-any.whl", hash = "sha256:939de3e7a6161af0c887ef91b7d41a53e7c5a1ca976325f429cb46ea9bc30ecc" },
    { file = "tomli-2.0.1.tar.gz", hash = "sha256:de526c12914f0c550d15924c62d72abc48d6fe7364aa87328337a31007fe8a4f" },
]
